
Microsoft Visual Studio Solution File, Format Version 12.00
# Visual Studio 15
Project("{FAE04EC0-301F-11D3-BF4B-00C04F79EFBC}") = "GCCarDealership", "GCCarDealership\GCCarDealership.csproj", "{C7B12482-DB60-48AB-B5F5-4DFDC3315074}"
EndProject
Project("{FAE04EC0-301F-11D3-BF4B-00C04F79EFBC}") = "APIGCCarDealership", "APIGCCarDealership\APIGCCarDealership.csproj", "{E74C6AE4-4B24-47E2-8AC0-6471F1CE94D3}"
EndProject
Global
	GlobalSection(SolutionConfigurationPlatforms) = preSolution
		Debug|Any CPU = Debug|Any CPU
		Release|Any CPU = Release|Any CPU
	EndGlobalSection
	GlobalSection(ProjectConfigurationPlatforms) = postSolution
		{C7B12482-DB60-48AB-B5F5-4DFDC3315074}.Debug|Any CPU.ActiveCfg = Debug|Any CPU
		{C7B12482-DB60-48AB-B5F5-4DFDC3315074}.Debug|Any CPU.Build.0 = Debug|Any CPU
		{C7B12482-DB60-48AB-B5F5-4DFDC3315074}.Release|Any CPU.ActiveCfg = Release|Any CPU
		{C7B12482-DB60-48AB-B5F5-4DFDC3315074}.Release|Any CPU.Build.0 = Release|Any CPU
		{E74C6AE4-4B24-47E2-8AC0-6471F1CE94D3}.Debug|Any CPU.ActiveCfg = Debug|Any CPU
		{E74C6AE4-4B24-47E2-8AC0-6471F1CE94D3}.Debug|Any CPU.Build.0 = Debug|Any CPU
		{E74C6AE4-4B24-47E2-8AC0-6471F1CE94D3}.Release|Any CPU.ActiveCfg = Release|Any CPU
		{E74C6AE4-4B24-47E2-8AC0-6471F1CE94D3}.Release|Any CPU.Build.0 = Release|Any CPU
	EndGlobalSection
EndGlobal
